
Microsoft Visual Studio Solution File, Format Version 12.00
# Visual Studio 15
VisualStudioVersion = 15.0.28010.0
MinimumVisualStudioVersion = 10.0.40219.1
Project("{FAE04EC0-301F-11D3-BF4B-00C04F79EFBC}") = "Sample.API", "Sample.API\Sample.API.csproj", "{CF88ED00-8AF6-45D3-8A36-3CD4D9BC6D63}"
EndProject
Project("{FAE04EC0-301F-11D3-BF4B-00C04F79EFBC}") = "Sample.Infrastructure", "Sample.Infrastructure\Sample.Infrastructure.csproj", "{C2D71DDD-0611-4EEB-B615-46AAC4A16D5A}"
EndProject
Project("{FAE04EC0-301F-11D3-BF4B-00C04F79EFBC}") = "Sample.Domain", "Sample.Domain\Sample.Domain.csproj", "{8433D473-0D28-4357-BDEA-86244197A600}"
EndProject
Project("{FAE04EC0-301F-11D3-BF4B-00C04F79EFBC}") = "Sample.Presentation", "Sample.Presentation\Sample.Presentation.csproj", "{9936D31A-EF8D-4F36-95E8-0A98F98F3760}"
EndProject
Global
	GlobalSection(SolutionConfigurationPlatforms) = preSolution
		Debug|Any CPU = Debug|Any CPU
		Release|Any CPU = Release|Any CPU
	EndGlobalSection
	GlobalSection(ProjectConfigurationPlatforms) = postSolution
		{CF88ED00-8AF6-45D3-8A36-3CD4D9BC6D63}.Debug|Any CPU.ActiveCfg = Debug|Any CPU
		{CF88ED00-8AF6-45D3-8A36-3CD4D9BC6D63}.Debug|Any CPU.Build.0 = Debug|Any CPU
		{CF88ED00-8AF6-45D3-8A36-3CD4D9BC6D63}.Release|Any CPU.ActiveCfg = Release|Any CPU
		{CF88ED00-8AF6-45D3-8A36-3CD4D9BC6D63}.Release|Any CPU.Build.0 = Release|Any CPU
		{C2D71DDD-0611-4EEB-B615-46AAC4A16D5A}.Debug|Any CPU.ActiveCfg = Debug|Any CPU
		{C2D71DDD-0611-4EEB-B615-46AAC4A16D5A}.Debug|Any CPU.Build.0 = Debug|Any CPU
		{C2D71DDD-0611-4EEB-B615-46AAC4A16D5A}.Release|Any CPU.ActiveCfg = Release|Any CPU
		{C2D71DDD-0611-4EEB-B615-46AAC4A16D5A}.Release|Any CPU.Build.0 = Release|Any CPU
		{8433D473-0D28-4357-BDEA-86244197A600}.Debug|Any CPU.ActiveCfg = Debug|Any CPU
		{8433D473-0D28-4357-BDEA-86244197A600}.Debug|Any CPU.Build.0 = Debug|Any CPU
		{8433D473-0D28-4357-BDEA-86244197A600}.Release|Any CPU.ActiveCfg = Release|Any CPU
		{8433D473-0D28-4357-BDEA-86244197A600}.Release|Any CPU.Build.0 = Release|Any CPU
		{9936D31A-EF8D-4F36-95E8-0A98F98F3760}.Debug|Any CPU.ActiveCfg = Debug|Any CPU
		{9936D31A-EF8D-4F36-95E8-0A98F98F3760}.Debug|Any CPU.Build.0 = Debug|Any CPU
		{9936D31A-EF8D-4F36-95E8-0A98F98F3760}.Release|Any CPU.ActiveCfg = Release|Any CPU
		{9936D31A-EF8D-4F36-95E8-0A98F98F3760}.Release|Any CPU.Build.0 = Release|Any CPU
	EndGlobalSection
	GlobalSection(SolutionProperties) = preSolution
		HideSolutionNode = FALSE
	EndGlobalSection
	GlobalSection(ExtensibilityGlobals) = postSolution
		SolutionGuid = {2DD4145A-F89C-4625-9AE1-3213FDCE9493}
	EndGlobalSection
EndGlobal
